// !$*UTF8*$!
{
	archiveVersion = 1;
	classes = {
	};
	objectVersion = 56;
	objects = {

/* Begin PBXBuildFile section */
		CA3C047A2BCC488E00DF3FAD /* main.cpp in Sources */ = {isa = PBXBuildFile; fileRef = CA3C04792BCC488E00DF3FAD /* main.cpp */; };
		CA3C047D2BCC48BA00DF3FAD /* SolitaireSolver.cpp in Sources */ = {isa = PBXBuildFile; fileRef = CA3C047B2BCC48BA00DF3FAD /* SolitaireSolver.cpp */; };
/* End PBXBuildFile section */

/* Begin PBXCopyFilesBuildPhase section */
		CA3C046A2BCC484200DF3FAD /* CopyFiles */ = {
			isa = PBXCopyFilesBuildPhase;
			buildActionMask = 2147483647;
			dstPath = /usr/share/man/man1/;
			dstSubfolderSpec = 0;
			files = (
			);
			runOnlyForDeploymentPostprocessing = 1;
		};
/* End PBXCopyFilesBuildPhase section */

/* Begin PBXFileReference section */
		CA3C046C2BCC484200DF3FAD /* PegSolitaireSolver */ = {isa = PBXFileReference; explicitFileType = "compiled.mach-o.executable"; includeInIndex = 0; path = PegSolitaireSolver; sourceTree = BUILT_PRODUCTS_DIR; };
		CA3C04792BCC488E00DF3FAD /* main.cpp */ = {isa = PBXFileReference; fileEncoding = 4; lastKnownFileType = sourcecode.cpp.cpp; path = main.cpp; sourceTree = "<group>"; };
		CA3C047B2BCC48BA00DF3FAD /* SolitaireSolver.cpp */ = {isa = PBXFileReference; lastKnownFileType = sourcecode.cpp.cpp; path = SolitaireSolver.cpp; sourceTree = "<group>"; };
		CA3C047C2BCC48BA00DF3FAD /* SolitaireSolver.hpp */ = {isa = PBXFileReference; lastKnownFileType = sourcecode.cpp.h; path = SolitaireSolver.hpp; sourceTree = "<group>"; };
		CA3C047F2BCC686500DF3FAD /* french2.txt */ = {isa = PBXFileReference; fileEncoding = 4; lastKnownFileType = text; path = french2.txt; sourceTree = "<group>"; };
		CA3C04802BCC686500DF3FAD /* german.txt */ = {isa = PBXFileReference; fileEncoding = 4; lastKnownFileType = text; path = german.txt; sourceTree = "<group>"; };
		CA3C04812BCC686500DF3FAD /* french3.txt */ = {isa = PBXFileReference; fileEncoding = 4; lastKnownFileType = text; path = french3.txt; sourceTree = "<group>"; };
		CA3C04822BCC686500DF3FAD /* english.txt */ = {isa = PBXFileReference; fileEncoding = 4; lastKnownFileType = text; path = english.txt; sourceTree = "<group>"; };
		CA3C04832BCC686500DF3FAD /* french1.txt */ = {isa = PBXFileReference; fileEncoding = 4; lastKnownFileType = text; path = french1.txt; sourceTree = "<group>"; };
/* End PBXFileReference section */

/* Begin PBXFrameworksBuildPhase section */
		CA3C04692BCC484200DF3FAD /* Frameworks */ = {
			isa = PBXFrameworksBuildPhase;
			buildActionMask = 2147483647;
			files = (
			);
			runOnlyForDeploymentPostprocessing = 0;
		};
/* End PBXFrameworksBuildPhase section */

/* Begin PBXGroup section */
		CA3C04632BCC484200DF3FAD = {
			isa = PBXGroup;
			children = (
				CA3C046E2BCC484200DF3FAD /* PegSolitaireSolver */,
				CA3C046D2BCC484200DF3FAD /* Products */,
			);
			sourceTree = "<group>";
		};
		CA3C046D2BCC484200DF3FAD /* Products */ = {
			isa = PBXGroup;
			children = (
				CA3C046C2BCC484200DF3FAD /* PegSolitaireSolver */,
			);
			name = Products;
			sourceTree = "<group>";
		};
		CA3C046E2BCC484200DF3FAD /* PegSolitaireSolver */ = {
			isa = PBXGroup;
			children = (
				CA3C047E2BCC682A00DF3FAD /* beginningBoards */,
				CA3C04792BCC488E00DF3FAD /* main.cpp */,
				CA3C047C2BCC48BA00DF3FAD /* SolitaireSolver.hpp */,
				CA3C047B2BCC48BA00DF3FAD /* SolitaireSolver.cpp */,
			);
			path = PegSolitaireSolver;
			sourceTree = "<group>";
		};
		CA3C047E2BCC682A00DF3FAD /* beginningBoards */ = {
			isa = PBXGroup;
			children = (
				CA3C04822BCC686500DF3FAD /* english.txt */,
				CA3C04832BCC686500DF3FAD /* french1.txt */,
				CA3C047F2BCC686500DF3FAD /* french2.txt */,
				CA3C04802BCC686500DF3FAD /* german.txt */,
				CA3C04812BCC686500DF3FAD /* french3.txt */,
			);
			path = beginningBoards;
			sourceTree = "<group>";
		};
/* End PBXGroup section */

/* Begin PBXNativeTarget section */
		CA3C046B2BCC484200DF3FAD /* PegSolitaireSolver */ = {
			isa = PBXNativeTarget;
			buildConfigurationList = CA3C04732BCC484200DF3FAD /* Build configuration list for PBXNativeTarget "PegSolitaireSolver" */;
			buildPhases = (
				CA3C04682BCC484200DF3FAD /* Sources */,
				CA3C04692BCC484200DF3FAD /* Frameworks */,
				CA3C046A2BCC484200DF3FAD /* CopyFiles */,
			);
			buildRules = (
			);
			dependencies = (
			);
			name = PegSolitaireSolver;
			productName = PegSolitaireSolver;
			productReference = CA3C046C2BCC484200DF3FAD /* PegSolitaireSolver */;
			productType = "com.apple.product-type.tool";
		};
/* End PBXNativeTarget section */

/* Begin PBXProject section */
		CA3C04642BCC484200DF3FAD /* Project object */ = {
			isa = PBXProject;
			attributes = {
				BuildIndependentTargetsInParallel = 1;
				LastUpgradeCheck = 1530;
				TargetAttributes = {
					CA3C046B2BCC484200DF3FAD = {
						CreatedOnToolsVersion = 15.3;
					};
				};
			};
			buildConfigurationList = CA3C04672BCC484200DF3FAD /* Build configuration list for PBXProject "PegSolitaireSolver" */;
			compatibilityVersion = "Xcode 14.0";
			developmentRegion = en;
			hasScannedForEncodings = 0;
			knownRegions = (
				en,
				Base,
			);
			mainGroup = CA3C04632BCC484200DF3FAD;
			productRefGroup = CA3C046D2BCC484200DF3FAD /* Products */;
			projectDirPath = "";
			projectRoot = "";
			targets = (
				CA3C046B2BCC484200DF3FAD /* PegSolitaireSolver */,
			);
		};
/* End PBXProject section */

/* Begin PBXSourcesBuildPhase section */
		CA3C04682BCC484200DF3FAD /* Sources */ = {
			isa = PBXSourcesBuildPhase;
			buildActionMask = 2147483647;
			files = (
				CA3C047A2BCC488E00DF3FAD /* main.cpp in Sources */,
				CA3C047D2BCC48BA00DF3FAD /* SolitaireSolver.cpp in Sources */,
			);
			runOnlyForDeploymentPostprocessing = 0;
		};
/* End PBXSourcesBuildPhase section */

/* Begin XCBuildConfiguration section */
		CA3C04712BCC484200DF3FAD /* Debug */ = {
			isa = XCBuildConfiguration;
			buildSettings = {
				ALWAYS_SEARCH_USER_PATHS = NO;
				ASSETCATALOG_COMPILER_GENERATE_SWIFT_ASSET_SYMBOL_EXTENSIONS = YES;
				CLANG_ANALYZER_NONNULL = YES;
				CLANG_ANALYZER_NUMBER_OBJECT_CONVERSION = YES_AGGRESSIVE;
				CLANG_CXX_LANGUAGE_STANDARD = "gnu++20";
				CLANG_ENABLE_MODULES = YES;
				CLANG_ENABLE_OBJC_ARC = YES;
				CLANG_ENABLE_OBJC_WEAK = YES;
				CLANG_WARN_BLOCK_CAPTURE_AUTORELEASING = YES;
				CLANG_WARN_BOOL_CONVERSION = YES;
				CLANG_WARN_COMMA = YES;
				CLANG_WARN_CONSTANT_CONVERSION = YES;
				CLANG_WARN_DEPRECATED_OBJC_IMPLEMENTATIONS = YES;
				CLANG_WARN_DIRECT_OBJC_ISA_USAGE = YES_ERROR;
				CLANG_WARN_DOCUMENTATION_COMMENTS = YES;
				CLANG_WARN_EMPTY_BODY = YES;
				CLANG_WARN_ENUM_CONVERSION = YES;
				CLANG_WARN_INFINITE_RECURSION = YES;
				CLANG_WARN_INT_CONVERSION = YES;
				CLANG_WARN_NON_LITERAL_NULL_CONVERSION = YES;
				CLANG_WARN_OBJC_IMPLICIT_RETAIN_SELF = YES;
				CLANG_WARN_OBJC_LITERAL_CONVERSION = YES;
				CLANG_WARN_OBJC_ROOT_CLASS = YES_ERROR;
				CLANG_WARN_QUOTED_INCLUDE_IN_FRAMEWORK_HEADER = YES;
				CLANG_WARN_RANGE_LOOP_ANALYSIS = YES;
				CLANG_WARN_STRICT_PROTOTYPES = YES;
				CLANG_WARN_SUSPICIOUS_MOVE = YES;
				CLANG_WARN_UNGUARDED_AVAILABILITY = YES_AGGRESSIVE;
				CLANG_WARN_UNREACHABLE_CODE = YES;
				CLANG_WARN__DUPLICATE_METHOD_MATCH = YES;
				COPY_PHASE_STRIP = NO;
				DEBUG_INFORMATION_FORMAT = dwarf;
				ENABLE_STRICT_OBJC_MSGSEND = YES;
				ENABLE_TESTABILITY = YES;
				ENABLE_USER_SCRIPT_SANDBOXING = YES;
				GCC_C_LANGUAGE_STANDARD = gnu17;
				GCC_DYNAMIC_NO_PIC = NO;
				GCC_NO_COMMON_BLOCKS = YES;
				GCC_OPTIMIZATION_LEVEL = 0;
				GCC_PREPROCESSOR_DEFINITIONS = (
					"DEBUG=1",
					"$(inherited)",
				);
				GCC_WARN_64_TO_32_BIT_CONVERSION = YES;
				GCC_WARN_ABOUT_RETURN_TYPE = YES_ERROR;
				GCC_WARN_UNDECLARED_SELECTOR = YES;
				GCC_WARN_UNINITIALIZED_AUTOS = YES_AGGRESSIVE;
				GCC_WARN_UNUSED_FUNCTION = YES;
				GCC_WARN_UNUSED_VARIABLE = YES;
				LOCALIZATION_PREFERS_STRING_CATALOGS = YES;
				MACOSX_DEPLOYMENT_TARGET = 14.0;
				MTL_ENABLE_DEBUG_INFO = INCLUDE_SOURCE;
				MTL_FAST_MATH = YES;
				ONLY_ACTIVE_ARCH = YES;
				SDKROOT = macosx;
			};
			name = Debug;
		};
		CA3C04722BCC484200DF3FAD /* Release */ = {
			isa = XCBuildConfiguration;
			buildSettings = {
				ALWAYS_SEARCH_USER_PATHS = NO;
				ASSETCATALOG_COMPILER_GENERATE_SWIFT_ASSET_SYMBOL_EXTENSIONS = YES;
				CLANG_ANALYZER_NONNULL = YES;
				CLANG_ANALYZER_NUMBER_OBJECT_CONVERSION = YES_AGGRESSIVE;
				CLANG_CXX_LANGUAGE_STANDARD = "gnu++20";
				CLANG_ENABLE_MODULES = YES;
				CLANG_ENABLE_OBJC_ARC = YES;
				CLANG_ENABLE_OBJC_WEAK = YES;
				CLANG_WARN_BLOCK_CAPTURE_AUTORELEASING = YES;
				CLANG_WARN_BOOL_CONVERSION = YES;
				CLANG_WARN_COMMA = YES;
				CLANG_WARN_CONSTANT_CONVERSION = YES;
				CLANG_WARN_DEPRECATED_OBJC_IMPLEMENTATIONS = YES;
				CLANG_WARN_DIRECT_OBJC_ISA_USAGE = YES_ERROR;
				CLANG_WARN_DOCUMENTATION_COMMENTS = YES;
				CLANG_WARN_EMPTY_BODY = YES;
				CLANG_WARN_ENUM_CONVERSION = YES;
				CLANG_WARN_INFINITE_RECURSION = YES;
				CLANG_WARN_INT_CONVERSION = YES;
				CLANG_WARN_NON_LITERAL_NULL_CONVERSION = YES;
				CLANG_WARN_OBJC_IMPLICIT_RETAIN_SELF = YES;
				CLANG_WARN_OBJC_LITERAL_CONVERSION = YES;
				CLANG_WARN_OBJC_ROOT_CLASS = YES_ERROR;
				CLANG_WARN_QUOTED_INCLUDE_IN_FRAMEWORK_HEADER = YES;
				CLANG_WARN_RANGE_LOOP_ANALYSIS = YES;
				CLANG_WARN_STRICT_PROTOTYPES = YES;
				CLANG_WARN_SUSPICIOUS_MOVE = YES;
				CLANG_WARN_UNGUARDED_AVAILABILITY = YES_AGGRESSIVE;
				CLANG_WARN_UNREACHABLE_CODE = YES;
				CLANG_WARN__DUPLICATE_METHOD_MATCH = YES;
				COPY_PHASE_STRIP = NO;
				DEBUG_INFORMATION_FORMAT = "dwarf-with-dsym";
				ENABLE_NS_ASSERTIONS = NO;
				ENABLE_STRICT_OBJC_MSGSEND = YES;
				ENABLE_USER_SCRIPT_SANDBOXING = YES;
				GCC_C_LANGUAGE_STANDARD = gnu17;
				GCC_NO_COMMON_BLOCKS = YES;
				GCC_WARN_64_TO_32_BIT_CONVERSION = YES;
				GCC_WARN_ABOUT_RETURN_TYPE = YES_ERROR;
				GCC_WARN_UNDECLARED_SELECTOR = YES;
				GCC_WARN_UNINITIALIZED_AUTOS = YES_AGGRESSIVE;
				GCC_WARN_UNUSED_FUNCTION = YES;
				GCC_WARN_UNUSED_VARIABLE = YES;
				LOCALIZATION_PREFERS_STRING_CATALOGS = YES;
				MACOSX_DEPLOYMENT_TARGET = 14.0;
				MTL_ENABLE_DEBUG_INFO = NO;
				MTL_FAST_MATH = YES;
				SDKROOT = macosx;
			};
			name = Release;
		};
		CA3C04742BCC484200DF3FAD /* Debug */ = {
			isa = XCBuildConfiguration;
			buildSettings = {
				CODE_SIGN_STYLE = Automatic;
				DEVELOPMENT_TEAM = 8G54SBDT8W;
				ENABLE_HARDENED_RUNTIME = YES;
				PRODUCT_NAME = "$(TARGET_NAME)";
			};
			name = Debug;
		};
		CA3C04752BCC484200DF3FAD /* Release */ = {
			isa = XCBuildConfiguration;
			buildSettings = {
				CODE_SIGN_STYLE = Automatic;
				DEVELOPMENT_TEAM = 8G54SBDT8W;
				ENABLE_HARDENED_RUNTIME = YES;
				PRODUCT_NAME = "$(TARGET_NAME)";
			};
			name = Release;
		};
/* End XCBuildConfiguration section */

/* Begin XCConfigurationList section */
		CA3C04672BCC484200DF3FAD /* Build configuration list for PBXProject "PegSolitaireSolver" */ = {
			isa = XCConfigurationList;
			buildConfigurations = (
				CA3C04712BCC484200DF3FAD /* Debug */,
				CA3C04722BCC484200DF3FAD /* Release */,
			);
			defaultConfigurationIsVisible = 0;
			defaultConfigurationName = Release;
		};
		CA3C04732BCC484200DF3FAD /* Build configuration list for PBXNativeTarget "PegSolitaireSolver" */ = {
			isa = XCConfigurationList;
			buildConfigurations = (
				CA3C04742BCC484200DF3FAD /* Debug */,
				CA3C04752BCC484200DF3FAD /* Release */,
			);
			defaultConfigurationIsVisible = 0;
			defaultConfigurationName = Release;
		};
/* End XCConfigurationList section */
	};
	rootObject = CA3C04642BCC484200DF3FAD /* Project object */;
}
